
Microsoft Visual Studio Solution File, Format Version 12.00
# Visual Studio Version 17
VisualStudioVersion = 17.0.32014.148
MinimumVisualStudioVersion = 10.0.40219.1
Project("{9A19103F-16F7-4668-BE54-9A1E7A4F7556}") = "Reception.App", "src\Reception.App\Reception.App.csproj", "{E1312754-3AE2-4794-913F-A782A159E970}"
EndProject
Project("{9A19103F-16F7-4668-BE54-9A1E7A4F7556}") = "Reception.Server.Data", "src\Reception.Server.Data\Reception.Server.Data.csproj", "{2DD738DB-D722-4530-9462-CBA3FB2BE1B5}"
EndProject
Project("{9A19103F-16F7-4668-BE54-9A1E7A4F7556}") = "Reception.Model.Network", "src\Reception.Model.Network\Reception.Model.Network.csproj", "{D104A550-FE4D-4E82-8040-E3FD6213C663}"
EndProject
Project("{2150E333-8FDC-42A3-9474-1A3956D46DE8}") = "solutionItems", "solutionItems", "{13F90241-20A2-4BA3-AC06-BAFA300468CA}"
EndProject
Project("{9A19103F-16F7-4668-BE54-9A1E7A4F7556}") = "Reception.App.Network", "src\Reception.App.Network\Reception.App.Network.csproj", "{F15FA492-77EB-4A09-BC95-6BA3412EFE6F}"
EndProject
Project("{9A19103F-16F7-4668-BE54-9A1E7A4F7556}") = "Reception.Model.Interface", "src\Reception.Model.Interfaces\Reception.Model.Interface.csproj", "{FD82375F-77E4-4D4B-9D62-999DAB2048AF}"
EndProject
Project("{9A19103F-16F7-4668-BE54-9A1E7A4F7556}") = "Reception.Server.Chat", "src\Reception.Server.Chat\Reception.Server.Chat.csproj", "{AE5262AC-5DC0-4D3C-957D-ACAD6113F1C5}"
EndProject
Project("{9A19103F-16F7-4668-BE54-9A1E7A4F7556}") = "Reception.App.Model", "src\Reception.App.Model\Reception.App.Model.csproj", "{F78A59CB-3FA3-4158-AF5E-C7913AB8D96B}"
EndProject
Project("{9A19103F-16F7-4668-BE54-9A1E7A4F7556}") = "Reception.Extension", "src\Reception.Extensions\Reception.Extension.csproj", "{18058FA8-E031-4C50-A633-C8609A8C29C4}"
EndProject
Project("{9A19103F-16F7-4668-BE54-9A1E7A4F7556}") = "Reception.Server.File", "src\Reception.Server.File\Reception.Server.File.csproj", "{61128E75-E9B5-469E-86F3-22B0D66B0C8C}"
EndProject
Project("{9A19103F-16F7-4668-BE54-9A1E7A4F7556}") = "Reception.Model.Dto", "src\Reception.Model.Dto\Reception.Model.Dto.csproj", "{08E23F42-53CF-4B0A-8047-FFF815D2F49D}"
EndProject
Project("{9A19103F-16F7-4668-BE54-9A1E7A4F7556}") = "Reception.Server.Auth", "src\Reception.Server.Auth\Reception.Server.Auth.csproj", "{E6108DCA-A26C-4D35-A41F-2589FAA823BA}"
EndProject
Project("{9A19103F-16F7-4668-BE54-9A1E7A4F7556}") = "Reception.Server.Auth.PasswordHelper", "src\Reception.Server.Auth.PasswordHelper\Reception.Server.Auth.PasswordHelper.csproj", "{5DDD5B34-5808-4EB1-A491-5DFCC7C239A5}"
EndProject
Project("{2150E333-8FDC-42A3-9474-1A3956D46DE8}") = "src", "src", "{AD2A5F91-93CF-42D8-A331-6CA299E9097E}"
EndProject
Project("{9A19103F-16F7-4668-BE54-9A1E7A4F7556}") = "Reception.App.Service", "src\Reception.App.Service\Reception.App.Service.csproj", "{91529021-D067-4385-9CF1-DF25A62D7560}"
EndProject
Project("{9A19103F-16F7-4668-BE54-9A1E7A4F7556}") = "Reception.Server.Auth.ConnectionLibrary", "src\Reception.Server.Auth.ConnectionLibrary\Reception.Server.Auth.ConnectionLibrary.csproj", "{178F4715-E24E-4E69-8C5D-69AF78E2CFAF}"
EndProject
Project("{9A19103F-16F7-4668-BE54-9A1E7A4F7556}") = "Reception.Constant", "src\Reception.Constant\Reception.Constant.csproj", "{ED482E8E-4FD4-42D6-BD0D-74690E971ECC}"
EndProject
Project("{9A19103F-16F7-4668-BE54-9A1E7A4F7556}") = "Reception.Server.Core", "src\Reception.Server.Core\Reception.Server.Core.csproj", "{4C7CF28C-C28B-46ED-8896-74E324797609}"
EndProject
Project("{2150E333-8FDC-42A3-9474-1A3956D46DE8}") = "sonar", "sonar", "{C0A6DE43-3B9C-40AD-A72D-911907442E1C}"
	ProjectSection(SolutionItems) = preProject
		.sonarlint\kirichenec_receptionnetcsharp.ruleset = .sonarlint\kirichenec_receptionnetcsharp.ruleset
		.sonarlint\Reception.slconfig = .sonarlint\Reception.slconfig
		.sonarlint\sonar.settings.json = .sonarlint\sonar.settings.json
		.sonarlint\kirichenec_receptionnet\CSharp\SonarLint.xml = .sonarlint\kirichenec_receptionnet\CSharp\SonarLint.xml
	EndProjectSection
EndProject
Project("{2150E333-8FDC-42A3-9474-1A3956D46DE8}") = "app", "app", "{3A88485A-3BBB-4F79-8C73-AA76E8E6E499}"
EndProject
Project("{2150E333-8FDC-42A3-9474-1A3956D46DE8}") = "server", "server", "{C222CA1E-0952-4A3C-ACFE-5478423C1404}"
EndProject
Project("{2150E333-8FDC-42A3-9474-1A3956D46DE8}") = "shared", "shared", "{DFD966FD-2216-46EF-A2C6-18553968259E}"
EndProject
Project("{2150E333-8FDC-42A3-9474-1A3956D46DE8}") = "logo", "logo", "{1508F19C-AADF-48F1-BB06-CF401A3C34DF}"
	ProjectSection(SolutionItems) = preProject
		solutionItems\RC.svg = solutionItems\RC.svg
		solutionItems\RCgit.png = solutionItems\RCgit.png
		solutionItems\RClogo.png = solutionItems\RClogo.png
	EndProjectSection
EndProject
Project("{2150E333-8FDC-42A3-9474-1A3956D46DE8}") = "helpers", "helpers", "{023ACF03-F160-4E59-BDA0-A44154E15ECA}"
	ProjectSection(SolutionItems) = preProject
		solutionItems\MigrationCommands.txt = solutionItems\MigrationCommands.txt
		solutionItems\Order.txt = solutionItems\Order.txt
		README.md = README.md
		solutionItems\Tasks.txt = solutionItems\Tasks.txt
	EndProjectSection
EndProject
Project("{2150E333-8FDC-42A3-9474-1A3956D46DE8}") = "settings", "settings", "{15A2C76C-FCA0-473D-A815-39FD52522E27}"
	ProjectSection(SolutionItems) = preProject
		Directory.Build.props = Directory.Build.props
		.github\workflows\dotnet.yml = .github\workflows\dotnet.yml
	EndProjectSection
EndProject
Project("{FAE04EC0-301F-11D3-BF4B-00C04F79EFBC}") = "Reception.App.Localization", "src\Reception.App.Localization\Reception.App.Localization.csproj", "{709F4C84-27CB-4D8F-8BC2-72B89770C0FB}"
EndProject
Global
	GlobalSection(SolutionConfigurationPlatforms) = preSolution
		Debug|Any CPU = Debug|Any CPU
		Release|Any CPU = Release|Any CPU
	EndGlobalSection
	GlobalSection(ProjectConfigurationPlatforms) = postSolution
		{E1312754-3AE2-4794-913F-A782A159E970}.Debug|Any CPU.ActiveCfg = Debug|Any CPU
		{E1312754-3AE2-4794-913F-A782A159E970}.Debug|Any CPU.Build.0 = Debug|Any CPU
		{E1312754-3AE2-4794-913F-A782A159E970}.Release|Any CPU.ActiveCfg = Release|Any CPU
		{E1312754-3AE2-4794-913F-A782A159E970}.Release|Any CPU.Build.0 = Release|Any CPU
		{2DD738DB-D722-4530-9462-CBA3FB2BE1B5}.Debug|Any CPU.ActiveCfg = Debug|Any CPU
		{2DD738DB-D722-4530-9462-CBA3FB2BE1B5}.Debug|Any CPU.Build.0 = Debug|Any CPU
		{2DD738DB-D722-4530-9462-CBA3FB2BE1B5}.Release|Any CPU.ActiveCfg = Release|Any CPU
		{2DD738DB-D722-4530-9462-CBA3FB2BE1B5}.Release|Any CPU.Build.0 = Release|Any CPU
		{D104A550-FE4D-4E82-8040-E3FD6213C663}.Debug|Any CPU.ActiveCfg = Debug|Any CPU
		{D104A550-FE4D-4E82-8040-E3FD6213C663}.Debug|Any CPU.Build.0 = Debug|Any CPU
		{D104A550-FE4D-4E82-8040-E3FD6213C663}.Release|Any CPU.ActiveCfg = Release|Any CPU
		{D104A550-FE4D-4E82-8040-E3FD6213C663}.Release|Any CPU.Build.0 = Release|Any CPU
		{F15FA492-77EB-4A09-BC95-6BA3412EFE6F}.Debug|Any CPU.ActiveCfg = Debug|Any CPU
		{F15FA492-77EB-4A09-BC95-6BA3412EFE6F}.Debug|Any CPU.Build.0 = Debug|Any CPU
		{F15FA492-77EB-4A09-BC95-6BA3412EFE6F}.Release|Any CPU.ActiveCfg = Release|Any CPU
		{F15FA492-77EB-4A09-BC95-6BA3412EFE6F}.Release|Any CPU.Build.0 = Release|Any CPU
		{FD82375F-77E4-4D4B-9D62-999DAB2048AF}.Debug|Any CPU.ActiveCfg = Debug|Any CPU
		{FD82375F-77E4-4D4B-9D62-999DAB2048AF}.Debug|Any CPU.Build.0 = Debug|Any CPU
		{FD82375F-77E4-4D4B-9D62-999DAB2048AF}.Release|Any CPU.ActiveCfg = Release|Any CPU
		{FD82375F-77E4-4D4B-9D62-999DAB2048AF}.Release|Any CPU.Build.0 = Release|Any CPU
		{AE5262AC-5DC0-4D3C-957D-ACAD6113F1C5}.Debug|Any CPU.ActiveCfg = Debug|Any CPU
		{AE5262AC-5DC0-4D3C-957D-ACAD6113F1C5}.Debug|Any CPU.Build.0 = Debug|Any CPU
		{AE5262AC-5DC0-4D3C-957D-ACAD6113F1C5}.Release|Any CPU.ActiveCfg = Release|Any CPU
		{AE5262AC-5DC0-4D3C-957D-ACAD6113F1C5}.Release|Any CPU.Build.0 = Release|Any CPU
		{F78A59CB-3FA3-4158-AF5E-C7913AB8D96B}.Debug|Any CPU.ActiveCfg = Debug|Any CPU
		{F78A59CB-3FA3-4158-AF5E-C7913AB8D96B}.Debug|Any CPU.Build.0 = Debug|Any CPU
		{F78A59CB-3FA3-4158-AF5E-C7913AB8D96B}.Release|Any CPU.ActiveCfg = Release|Any CPU
		{F78A59CB-3FA3-4158-AF5E-C7913AB8D96B}.Release|Any CPU.Build.0 = Release|Any CPU
		{18058FA8-E031-4C50-A633-C8609A8C29C4}.Debug|Any CPU.ActiveCfg = Debug|Any CPU
		{18058FA8-E031-4C50-A633-C8609A8C29C4}.Debug|Any CPU.Build.0 = Debug|Any CPU
		{18058FA8-E031-4C50-A633-C8609A8C29C4}.Release|Any CPU.ActiveCfg = Release|Any CPU
		{18058FA8-E031-4C50-A633-C8609A8C29C4}.Release|Any CPU.Build.0 = Release|Any CPU
		{61128E75-E9B5-469E-86F3-22B0D66B0C8C}.Debug|Any CPU.ActiveCfg = Debug|Any CPU
		{61128E75-E9B5-469E-86F3-22B0D66B0C8C}.Debug|Any CPU.Build.0 = Debug|Any CPU
		{61128E75-E9B5-469E-86F3-22B0D66B0C8C}.Release|Any CPU.ActiveCfg = Release|Any CPU
		{61128E75-E9B5-469E-86F3-22B0D66B0C8C}.Release|Any CPU.Build.0 = Release|Any CPU
		{08E23F42-53CF-4B0A-8047-FFF815D2F49D}.Debug|Any CPU.ActiveCfg = Debug|Any CPU
		{08E23F42-53CF-4B0A-8047-FFF815D2F49D}.Debug|Any CPU.Build.0 = Debug|Any CPU
		{08E23F42-53CF-4B0A-8047-FFF815D2F49D}.Release|Any CPU.ActiveCfg = Release|Any CPU
		{08E23F42-53CF-4B0A-8047-FFF815D2F49D}.Release|Any CPU.Build.0 = Release|Any CPU
		{E6108DCA-A26C-4D35-A41F-2589FAA823BA}.Debug|Any CPU.ActiveCfg = Debug|Any CPU
		{E6108DCA-A26C-4D35-A41F-2589FAA823BA}.Debug|Any CPU.Build.0 = Debug|Any CPU
		{E6108DCA-A26C-4D35-A41F-2589FAA823BA}.Release|Any CPU.ActiveCfg = Release|Any CPU
		{E6108DCA-A26C-4D35-A41F-2589FAA823BA}.Release|Any CPU.Build.0 = Release|Any CPU
		{5DDD5B34-5808-4EB1-A491-5DFCC7C239A5}.Debug|Any CPU.ActiveCfg = Debug|Any CPU
		{5DDD5B34-5808-4EB1-A491-5DFCC7C239A5}.Debug|Any CPU.Build.0 = Debug|Any CPU
		{5DDD5B34-5808-4EB1-A491-5DFCC7C239A5}.Release|Any CPU.ActiveCfg = Release|Any CPU
		{5DDD5B34-5808-4EB1-A491-5DFCC7C239A5}.Release|Any CPU.Build.0 = Release|Any CPU
		{91529021-D067-4385-9CF1-DF25A62D7560}.Debug|Any CPU.ActiveCfg = Debug|Any CPU
		{91529021-D067-4385-9CF1-DF25A62D7560}.Debug|Any CPU.Build.0 = Debug|Any CPU
		{91529021-D067-4385-9CF1-DF25A62D7560}.Release|Any CPU.ActiveCfg = Release|Any CPU
		{91529021-D067-4385-9CF1-DF25A62D7560}.Release|Any CPU.Build.0 = Release|Any CPU
		{178F4715-E24E-4E69-8C5D-69AF78E2CFAF}.Debug|Any CPU.ActiveCfg = Debug|Any CPU
		{178F4715-E24E-4E69-8C5D-69AF78E2CFAF}.Debug|Any CPU.Build.0 = Debug|Any CPU
		{178F4715-E24E-4E69-8C5D-69AF78E2CFAF}.Release|Any CPU.ActiveCfg = Release|Any CPU
		{178F4715-E24E-4E69-8C5D-69AF78E2CFAF}.Release|Any CPU.Build.0 = Release|Any CPU
		{ED482E8E-4FD4-42D6-BD0D-74690E971ECC}.Debug|Any CPU.ActiveCfg = Debug|Any CPU
		{ED482E8E-4FD4-42D6-BD0D-74690E971ECC}.Debug|Any CPU.Build.0 = Debug|Any CPU
		{ED482E8E-4FD4-42D6-BD0D-74690E971ECC}.Release|Any CPU.ActiveCfg = Release|Any CPU
		{ED482E8E-4FD4-42D6-BD0D-74690E971ECC}.Release|Any CPU.Build.0 = Release|Any CPU
		{4C7CF28C-C28B-46ED-8896-74E324797609}.Debug|Any CPU.ActiveCfg = Debug|Any CPU
		{4C7CF28C-C28B-46ED-8896-74E324797609}.Debug|Any CPU.Build.0 = Debug|Any CPU
		{4C7CF28C-C28B-46ED-8896-74E324797609}.Release|Any CPU.ActiveCfg = Release|Any CPU
		{4C7CF28C-C28B-46ED-8896-74E324797609}.Release|Any CPU.Build.0 = Release|Any CPU
		{709F4C84-27CB-4D8F-8BC2-72B89770C0FB}.Debug|Any CPU.ActiveCfg = Debug|Any CPU
		{709F4C84-27CB-4D8F-8BC2-72B89770C0FB}.Debug|Any CPU.Build.0 = Debug|Any CPU
		{709F4C84-27CB-4D8F-8BC2-72B89770C0FB}.Release|Any CPU.ActiveCfg = Release|Any CPU
		{709F4C84-27CB-4D8F-8BC2-72B89770C0FB}.Release|Any CPU.Build.0 = Release|Any CPU
	EndGlobalSection
	GlobalSection(SolutionProperties) = preSolution
		HideSolutionNode = FALSE
	EndGlobalSection
	GlobalSection(NestedProjects) = preSolution
		{E1312754-3AE2-4794-913F-A782A159E970} = {3A88485A-3BBB-4F79-8C73-AA76E8E6E499}
		{2DD738DB-D722-4530-9462-CBA3FB2BE1B5} = {C222CA1E-0952-4A3C-ACFE-5478423C1404}
		{D104A550-FE4D-4E82-8040-E3FD6213C663} = {DFD966FD-2216-46EF-A2C6-18553968259E}
		{F15FA492-77EB-4A09-BC95-6BA3412EFE6F} = {3A88485A-3BBB-4F79-8C73-AA76E8E6E499}
		{FD82375F-77E4-4D4B-9D62-999DAB2048AF} = {DFD966FD-2216-46EF-A2C6-18553968259E}
		{AE5262AC-5DC0-4D3C-957D-ACAD6113F1C5} = {C222CA1E-0952-4A3C-ACFE-5478423C1404}
		{F78A59CB-3FA3-4158-AF5E-C7913AB8D96B} = {3A88485A-3BBB-4F79-8C73-AA76E8E6E499}
		{18058FA8-E031-4C50-A633-C8609A8C29C4} = {DFD966FD-2216-46EF-A2C6-18553968259E}
		{61128E75-E9B5-469E-86F3-22B0D66B0C8C} = {C222CA1E-0952-4A3C-ACFE-5478423C1404}
		{08E23F42-53CF-4B0A-8047-FFF815D2F49D} = {DFD966FD-2216-46EF-A2C6-18553968259E}
		{E6108DCA-A26C-4D35-A41F-2589FAA823BA} = {C222CA1E-0952-4A3C-ACFE-5478423C1404}
		{5DDD5B34-5808-4EB1-A491-5DFCC7C239A5} = {C222CA1E-0952-4A3C-ACFE-5478423C1404}
		{91529021-D067-4385-9CF1-DF25A62D7560} = {3A88485A-3BBB-4F79-8C73-AA76E8E6E499}
		{178F4715-E24E-4E69-8C5D-69AF78E2CFAF} = {C222CA1E-0952-4A3C-ACFE-5478423C1404}
		{ED482E8E-4FD4-42D6-BD0D-74690E971ECC} = {DFD966FD-2216-46EF-A2C6-18553968259E}
		{4C7CF28C-C28B-46ED-8896-74E324797609} = {C222CA1E-0952-4A3C-ACFE-5478423C1404}
		{C0A6DE43-3B9C-40AD-A72D-911907442E1C} = {13F90241-20A2-4BA3-AC06-BAFA300468CA}
		{3A88485A-3BBB-4F79-8C73-AA76E8E6E499} = {AD2A5F91-93CF-42D8-A331-6CA299E9097E}
		{C222CA1E-0952-4A3C-ACFE-5478423C1404} = {AD2A5F91-93CF-42D8-A331-6CA299E9097E}
		{DFD966FD-2216-46EF-A2C6-18553968259E} = {AD2A5F91-93CF-42D8-A331-6CA299E9097E}
		{1508F19C-AADF-48F1-BB06-CF401A3C34DF} = {13F90241-20A2-4BA3-AC06-BAFA300468CA}
		{023ACF03-F160-4E59-BDA0-A44154E15ECA} = {13F90241-20A2-4BA3-AC06-BAFA300468CA}
		{15A2C76C-FCA0-473D-A815-39FD52522E27} = {13F90241-20A2-4BA3-AC06-BAFA300468CA}
		{709F4C84-27CB-4D8F-8BC2-72B89770C0FB} = {3A88485A-3BBB-4F79-8C73-AA76E8E6E499}
	EndGlobalSection
	GlobalSection(ExtensibilityGlobals) = postSolution
		SolutionGuid = {D9C0D531-28FB-4D40-AFD0-658855890982}
	EndGlobalSection
EndGlobal
