
Microsoft Visual Studio Solution File, Format Version 12.00
# Visual Studio Version 16
VisualStudioVersion = 16.0.29123.88
MinimumVisualStudioVersion = 10.0.40219.1
Project("{9A19103F-16F7-4668-BE54-9A1E7A4F7556}") = "Reception.App", "Reception.App.csproj", "{E1312754-3AE2-4794-913F-A782A159E970}"
EndProject
Project("{9A19103F-16F7-4668-BE54-9A1E7A4F7556}") = "Reception.Server", "..\Reception.Server\Reception.Server.csproj", "{2DD738DB-D722-4530-9462-CBA3FB2BE1B5}"
EndProject
Project("{9A19103F-16F7-4668-BE54-9A1E7A4F7556}") = "Reception.Model.Dto", "..\Reception.Model.Dto\Reception.Model.Dto.csproj", "{9CF370FA-951E-40E8-8645-212175FE1925}"
EndProject
Project("{9A19103F-16F7-4668-BE54-9A1E7A4F7556}") = "Reception.Model.Network", "..\Reception.Model.Network\Reception.Model.Network.csproj", "{D104A550-FE4D-4E82-8040-E3FD6213C663}"
EndProject
Project("{2150E333-8FDC-42A3-9474-1A3956D46DE8}") = "Solution Items", "Solution Items", "{13F90241-20A2-4BA3-AC06-BAFA300468CA}"
	ProjectSection(SolutionItems) = preProject
		Order.txt = Order.txt
	EndProjectSection
EndProject
Global
	GlobalSection(SolutionConfigurationPlatforms) = preSolution
		Debug|Any CPU = Debug|Any CPU
		Release|Any CPU = Release|Any CPU
	EndGlobalSection
	GlobalSection(ProjectConfigurationPlatforms) = postSolution
		{E1312754-3AE2-4794-913F-A782A159E970}.Debug|Any CPU.ActiveCfg = Debug|Any CPU
		{E1312754-3AE2-4794-913F-A782A159E970}.Debug|Any CPU.Build.0 = Debug|Any CPU
		{E1312754-3AE2-4794-913F-A782A159E970}.Release|Any CPU.ActiveCfg = Release|Any CPU
		{E1312754-3AE2-4794-913F-A782A159E970}.Release|Any CPU.Build.0 = Release|Any CPU
		{2DD738DB-D722-4530-9462-CBA3FB2BE1B5}.Debug|Any CPU.ActiveCfg = Debug|Any CPU
		{2DD738DB-D722-4530-9462-CBA3FB2BE1B5}.Debug|Any CPU.Build.0 = Debug|Any CPU
		{2DD738DB-D722-4530-9462-CBA3FB2BE1B5}.Release|Any CPU.ActiveCfg = Release|Any CPU
		{2DD738DB-D722-4530-9462-CBA3FB2BE1B5}.Release|Any CPU.Build.0 = Release|Any CPU
		{9CF370FA-951E-40E8-8645-212175FE1925}.Debug|Any CPU.ActiveCfg = Debug|Any CPU
		{9CF370FA-951E-40E8-8645-212175FE1925}.Debug|Any CPU.Build.0 = Debug|Any CPU
		{9CF370FA-951E-40E8-8645-212175FE1925}.Release|Any CPU.ActiveCfg = Release|Any CPU
		{9CF370FA-951E-40E8-8645-212175FE1925}.Release|Any CPU.Build.0 = Release|Any CPU
		{D104A550-FE4D-4E82-8040-E3FD6213C663}.Debug|Any CPU.ActiveCfg = Debug|Any CPU
		{D104A550-FE4D-4E82-8040-E3FD6213C663}.Debug|Any CPU.Build.0 = Debug|Any CPU
		{D104A550-FE4D-4E82-8040-E3FD6213C663}.Release|Any CPU.ActiveCfg = Release|Any CPU
		{D104A550-FE4D-4E82-8040-E3FD6213C663}.Release|Any CPU.Build.0 = Release|Any CPU
	EndGlobalSection
	GlobalSection(SolutionProperties) = preSolution
		HideSolutionNode = FALSE
	EndGlobalSection
	GlobalSection(ExtensibilityGlobals) = postSolution
		SolutionGuid = {D9C0D531-28FB-4D40-AFD0-658855890982}
	EndGlobalSection
EndGlobal
